
Microsoft Visual Studio Solution File, Format Version 12.00
# Visual Studio Version 17
VisualStudioVersion = 17.4.33122.133
MinimumVisualStudioVersion = 10.0.40219.1
Project("{FAE04EC0-301F-11D3-BF4B-00C04F79EFBC}") = "Loan-Recommendations-App", "Loan-Recommendations-App\Loan-Recommendations-App.csproj", "{0BCF4C17-000D-4509-A2DC-304A16AA5E69}"
EndProject
Global
	GlobalSection(SolutionConfigurationPlatforms) = preSolution
		Debug|Any CPU = Debug|Any CPU
		Release|Any CPU = Release|Any CPU
	EndGlobalSection
	GlobalSection(ProjectConfigurationPlatforms) = postSolution
		{0BCF4C17-000D-4509-A2DC-304A16AA5E69}.Debug|Any CPU.ActiveCfg = Debug|Any CPU
		{0BCF4C17-000D-4509-A2DC-304A16AA5E69}.Debug|Any CPU.Build.0 = Debug|Any CPU
		{0BCF4C17-000D-4509-A2DC-304A16AA5E69}.Release|Any CPU.ActiveCfg = Release|Any CPU
		{0BCF4C17-000D-4509-A2DC-304A16AA5E69}.Release|Any CPU.Build.0 = Release|Any CPU
	EndGlobalSection
	GlobalSection(SolutionProperties) = preSolution
		HideSolutionNode = FALSE
	EndGlobalSection
	GlobalSection(ExtensibilityGlobals) = postSolution
		SolutionGuid = {AA44F8FA-899D-445F-AFD6-B3BD4B3BC37D}
	EndGlobalSection
EndGlobal
